
Microsoft Visual Studio Solution File, Format Version 12.00
# Visual Studio Version 17
VisualStudioVersion = 17.0.31903.59
MinimumVisualStudioVersion = 10.0.40219.1
Project("{2150E333-8FDC-42A3-9474-1A3956D46DE8}") = "01. SharedKernel", "01. SharedKernel", "{8700EF1D-DF8F-4BE4-AC57-E3A51A08B9BA}"
EndProject
Project("{FAE04EC0-301F-11D3-BF4B-00C04F79EFBC}") = "CashFlow.SharedKernel", "src\CashFlow.SharedKernel\CashFlow.SharedKernel.csproj", "{94500464-E078-4874-8EFD-C72BA5017BF9}"
EndProject
Project("{2150E333-8FDC-42A3-9474-1A3956D46DE8}") = "02. Services", "02. Services", "{26E53ECC-71F0-4931-AC8D-C202994AE975}"
EndProject
Project("{2150E333-8FDC-42A3-9474-1A3956D46DE8}") = "03. Tests", "03. Tests", "{534DE7B2-BE05-408F-9A15-0C56DEFFEC39}"
EndProject
Project("{FAE04EC0-301F-11D3-BF4B-00C04F79EFBC}") = "CashFlow.Transactions.Tests", "tests\CashFlow.Transactions.Tests\CashFlow.Transactions.Tests.csproj", "{C16A3222-AC0A-41AA-AE57-2718A6640E94}"
EndProject
Project("{FAE04EC0-301F-11D3-BF4B-00C04F79EFBC}") = "CashFlow.Consolidation.Tests", "tests\CashFlow.Consolidation.Tests\CashFlow.Consolidation.Tests.csproj", "{0590DA31-1548-46D5-9E15-B4140DFB3221}"
EndProject
Project("{FAE04EC0-301F-11D3-BF4B-00C04F79EFBC}") = "CashFlow.Integration.Tests", "tests\CashFlow.Integration.Tests\CashFlow.Integration.Tests.csproj", "{A3B7729F-2D4F-4B06-B849-0715037E7632}"
EndProject
Project("{FAE04EC0-301F-11D3-BF4B-00C04F79EFBC}") = "CashFlow.Transactions.Worker.Tests", "tests\CashFlow.Transactions.Worker.Tests\CashFlow.Transactions.Worker.Tests.csproj", "{B8C4E3D7-2F1A-4D89-9B2E-1C5D6A7F3E8A}"
EndProject
Project("{2150E333-8FDC-42A3-9474-1A3956D46DE8}") = "consolidation", "consolidation", "{EE0CE8AC-90B0-44D9-9FC3-97B18BA17911}"
EndProject
Project("{2150E333-8FDC-42A3-9474-1A3956D46DE8}") = "transactions", "transactions", "{9740F8C8-1F16-4AEA-8132-020027E1201B}"
EndProject
Project("{2150E333-8FDC-42A3-9474-1A3956D46DE8}") = "gateway", "gateway", "{EF94B663-60A9-4427-B772-62852EC6861A}"
EndProject
Project("{FAE04EC0-301F-11D3-BF4B-00C04F79EFBC}") = "CashFlow.Consolidation.API", "src\consolidation\CashFlow.Consolidation.API\CashFlow.Consolidation.API.csproj", "{66892169-FB23-49AB-94A5-027422312B12}"
EndProject
Project("{FAE04EC0-301F-11D3-BF4B-00C04F79EFBC}") = "CashFlow.Consolidation.Worker", "src\consolidation\CashFlow.Consolidation.Worker\CashFlow.Consolidation.Worker.csproj", "{C47E73E8-397B-4F2D-A2E4-B67CD6C6F42E}"
EndProject
Project("{FAE04EC0-301F-11D3-BF4B-00C04F79EFBC}") = "CashFlow.Gateway", "src\gateway\CashFlow.Gateway\CashFlow.Gateway.csproj", "{E10FD7FF-1B8B-45C6-8F9B-944E170256F9}"
EndProject
Project("{FAE04EC0-301F-11D3-BF4B-00C04F79EFBC}") = "CashFlow.Transactions.API", "src\transactions\CashFlow.Transactions.API\CashFlow.Transactions.API.csproj", "{253C714E-AA36-4C09-90DB-345AF8784635}"
EndProject
Project("{FAE04EC0-301F-11D3-BF4B-00C04F79EFBC}") = "CashFlow.Transactions.Worker", "src\transactions\CashFlow.Transactions.Worker\CashFlow.Transactions.Worker.csproj", "{8A4F1E5C-9C8D-4A7F-BE3D-5F7C2E9D6A1B}"
EndProject
Global
	GlobalSection(SolutionConfigurationPlatforms) = preSolution
		Debug|Any CPU = Debug|Any CPU
		Release|Any CPU = Release|Any CPU
	EndGlobalSection
	GlobalSection(SolutionProperties) = preSolution
		HideSolutionNode = FALSE
	EndGlobalSection
	GlobalSection(ProjectConfigurationPlatforms) = postSolution
		{94500464-E078-4874-8EFD-C72BA5017BF9}.Debug|Any CPU.ActiveCfg = Debug|Any CPU
		{94500464-E078-4874-8EFD-C72BA5017BF9}.Debug|Any CPU.Build.0 = Debug|Any CPU
		{94500464-E078-4874-8EFD-C72BA5017BF9}.Release|Any CPU.ActiveCfg = Release|Any CPU
		{94500464-E078-4874-8EFD-C72BA5017BF9}.Release|Any CPU.Build.0 = Release|Any CPU
		{C16A3222-AC0A-41AA-AE57-2718A6640E94}.Debug|Any CPU.ActiveCfg = Debug|Any CPU
		{C16A3222-AC0A-41AA-AE57-2718A6640E94}.Debug|Any CPU.Build.0 = Debug|Any CPU
		{C16A3222-AC0A-41AA-AE57-2718A6640E94}.Release|Any CPU.ActiveCfg = Release|Any CPU
		{C16A3222-AC0A-41AA-AE57-2718A6640E94}.Release|Any CPU.Build.0 = Release|Any CPU
		{0590DA31-1548-46D5-9E15-B4140DFB3221}.Debug|Any CPU.ActiveCfg = Debug|Any CPU
		{0590DA31-1548-46D5-9E15-B4140DFB3221}.Debug|Any CPU.Build.0 = Debug|Any CPU
		{0590DA31-1548-46D5-9E15-B4140DFB3221}.Release|Any CPU.ActiveCfg = Release|Any CPU
		{0590DA31-1548-46D5-9E15-B4140DFB3221}.Release|Any CPU.Build.0 = Release|Any CPU
		{A3B7729F-2D4F-4B06-B849-0715037E7632}.Debug|Any CPU.ActiveCfg = Debug|Any CPU
		{A3B7729F-2D4F-4B06-B849-0715037E7632}.Debug|Any CPU.Build.0 = Debug|Any CPU
		{A3B7729F-2D4F-4B06-B849-0715037E7632}.Release|Any CPU.ActiveCfg = Release|Any CPU
		{A3B7729F-2D4F-4B06-B849-0715037E7632}.Release|Any CPU.Build.0 = Release|Any CPU
		{66892169-FB23-49AB-94A5-027422312B12}.Debug|Any CPU.ActiveCfg = Debug|Any CPU
		{66892169-FB23-49AB-94A5-027422312B12}.Debug|Any CPU.Build.0 = Debug|Any CPU
		{66892169-FB23-49AB-94A5-027422312B12}.Release|Any CPU.ActiveCfg = Release|Any CPU
		{66892169-FB23-49AB-94A5-027422312B12}.Release|Any CPU.Build.0 = Release|Any CPU
		{C47E73E8-397B-4F2D-A2E4-B67CD6C6F42E}.Debug|Any CPU.ActiveCfg = Debug|Any CPU
		{C47E73E8-397B-4F2D-A2E4-B67CD6C6F42E}.Debug|Any CPU.Build.0 = Debug|Any CPU
		{C47E73E8-397B-4F2D-A2E4-B67CD6C6F42E}.Release|Any CPU.ActiveCfg = Release|Any CPU
		{C47E73E8-397B-4F2D-A2E4-B67CD6C6F42E}.Release|Any CPU.Build.0 = Release|Any CPU
		{E10FD7FF-1B8B-45C6-8F9B-944E170256F9}.Debug|Any CPU.ActiveCfg = Debug|Any CPU
		{E10FD7FF-1B8B-45C6-8F9B-944E170256F9}.Debug|Any CPU.Build.0 = Debug|Any CPU
		{E10FD7FF-1B8B-45C6-8F9B-944E170256F9}.Release|Any CPU.ActiveCfg = Release|Any CPU
		{E10FD7FF-1B8B-45C6-8F9B-944E170256F9}.Release|Any CPU.Build.0 = Release|Any CPU
		{253C714E-AA36-4C09-90DB-345AF8784635}.Debug|Any CPU.ActiveCfg = Debug|Any CPU
		{253C714E-AA36-4C09-90DB-345AF8784635}.Debug|Any CPU.Build.0 = Debug|Any CPU
		{253C714E-AA36-4C09-90DB-345AF8784635}.Release|Any CPU.ActiveCfg = Release|Any CPU
		{253C714E-AA36-4C09-90DB-345AF8784635}.Release|Any CPU.Build.0 = Release|Any CPU
		{8A4F1E5C-9C8D-4A7F-BE3D-5F7C2E9D6A1B}.Debug|Any CPU.ActiveCfg = Debug|Any CPU
		{8A4F1E5C-9C8D-4A7F-BE3D-5F7C2E9D6A1B}.Debug|Any CPU.Build.0 = Debug|Any CPU
		{8A4F1E5C-9C8D-4A7F-BE3D-5F7C2E9D6A1B}.Release|Any CPU.ActiveCfg = Release|Any CPU
		{8A4F1E5C-9C8D-4A7F-BE3D-5F7C2E9D6A1B}.Release|Any CPU.Build.0 = Release|Any CPU
		{B8C4E3D7-2F1A-4D89-9B2E-1C5D6A7F3E8A}.Debug|Any CPU.ActiveCfg = Debug|Any CPU
		{B8C4E3D7-2F1A-4D89-9B2E-1C5D6A7F3E8A}.Debug|Any CPU.Build.0 = Debug|Any CPU
		{B8C4E3D7-2F1A-4D89-9B2E-1C5D6A7F3E8A}.Release|Any CPU.ActiveCfg = Release|Any CPU
		{B8C4E3D7-2F1A-4D89-9B2E-1C5D6A7F3E8A}.Release|Any CPU.Build.0 = Release|Any CPU
	EndGlobalSection
	GlobalSection(NestedProjects) = preSolution
		{94500464-E078-4874-8EFD-C72BA5017BF9} = {8700EF1D-DF8F-4BE4-AC57-E3A51A08B9BA}
		{C16A3222-AC0A-41AA-AE57-2718A6640E94} = {534DE7B2-BE05-408F-9A15-0C56DEFFEC39}
		{0590DA31-1548-46D5-9E15-B4140DFB3221} = {534DE7B2-BE05-408F-9A15-0C56DEFFEC39}
		{A3B7729F-2D4F-4B06-B849-0715037E7632} = {534DE7B2-BE05-408F-9A15-0C56DEFFEC39}
		{EE0CE8AC-90B0-44D9-9FC3-97B18BA17911} = {26E53ECC-71F0-4931-AC8D-C202994AE975}
		{9740F8C8-1F16-4AEA-8132-020027E1201B} = {26E53ECC-71F0-4931-AC8D-C202994AE975}
		{EF94B663-60A9-4427-B772-62852EC6861A} = {26E53ECC-71F0-4931-AC8D-C202994AE975}
		{66892169-FB23-49AB-94A5-027422312B12} = {EE0CE8AC-90B0-44D9-9FC3-97B18BA17911}
		{C47E73E8-397B-4F2D-A2E4-B67CD6C6F42E} = {EE0CE8AC-90B0-44D9-9FC3-97B18BA17911}
		{E10FD7FF-1B8B-45C6-8F9B-944E170256F9} = {EF94B663-60A9-4427-B772-62852EC6861A}
		{253C714E-AA36-4C09-90DB-345AF8784635} = {9740F8C8-1F16-4AEA-8132-020027E1201B}
		{8A4F1E5C-9C8D-4A7F-BE3D-5F7C2E9D6A1B} = {9740F8C8-1F16-4AEA-8132-020027E1201B}
		{B8C4E3D7-2F1A-4D89-9B2E-1C5D6A7F3E8A} = {534DE7B2-BE05-408F-9A15-0C56DEFFEC39}
	EndGlobalSection
EndGlobal
